
Microsoft Visual Studio Solution File, Format Version 12.00
# Visual Studio 15
VisualStudioVersion = 15.0.27130.2010
MinimumVisualStudioVersion = 10.0.40219.1
Project("{FAE04EC0-301F-11D3-BF4B-00C04F79EFBC}") = "LittleTiggy", "LittleTiggy\LittleTiggy.csproj", "{C59BAAB1-4288-419A-B7D8-2F9B0BF34826}"
EndProject
Project("{FAE04EC0-301F-11D3-BF4B-00C04F79EFBC}") = "LittleTiggy.Android", "LittleTiggyAndroid\LittleTiggy.Android.csproj", "{A5B7144F-2ECF-4794-8A0C-A97C23B531C7}"
EndProject
Global
	GlobalSection(SolutionConfigurationPlatforms) = preSolution
		Debug|Any CPU = Debug|Any CPU
		Release|Any CPU = Release|Any CPU
	EndGlobalSection
	GlobalSection(ProjectConfigurationPlatforms) = postSolution
		{C59BAAB1-4288-419A-B7D8-2F9B0BF34826}.Debug|Any CPU.ActiveCfg = Debug|Any CPU
		{C59BAAB1-4288-419A-B7D8-2F9B0BF34826}.Debug|Any CPU.Build.0 = Debug|Any CPU
		{C59BAAB1-4288-419A-B7D8-2F9B0BF34826}.Release|Any CPU.ActiveCfg = Release|Any CPU
		{C59BAAB1-4288-419A-B7D8-2F9B0BF34826}.Release|Any CPU.Build.0 = Release|Any CPU
		{A5B7144F-2ECF-4794-8A0C-A97C23B531C7}.Debug|Any CPU.ActiveCfg = Debug|Any CPU
		{A5B7144F-2ECF-4794-8A0C-A97C23B531C7}.Debug|Any CPU.Build.0 = Debug|Any CPU
		{A5B7144F-2ECF-4794-8A0C-A97C23B531C7}.Debug|Any CPU.Deploy.0 = Debug|Any CPU
		{A5B7144F-2ECF-4794-8A0C-A97C23B531C7}.Release|Any CPU.ActiveCfg = Release|Any CPU
		{A5B7144F-2ECF-4794-8A0C-A97C23B531C7}.Release|Any CPU.Build.0 = Release|Any CPU
		{A5B7144F-2ECF-4794-8A0C-A97C23B531C7}.Release|Any CPU.Deploy.0 = Release|Any CPU
	EndGlobalSection
	GlobalSection(SolutionProperties) = preSolution
		HideSolutionNode = FALSE
	EndGlobalSection
	GlobalSection(ExtensibilityGlobals) = postSolution
		SolutionGuid = {3B26FAA5-C56A-403B-9165-CE297D00CB9B}
	EndGlobalSection
EndGlobal
